<?xml version="1.0" encoding="utf-8"?>
<Project ToolsVersion="4.0" xmlns="http://schemas.microsoft.com/developer/msbuild/2003">
  <ItemGroup>
    <Filter Include="Source Files">
      <UniqueIdentifier>{62337b8a-89f2-4bfa-825d-95e375d6cb6c}</UniqueIdentifier>
      <Extensions>cpp;c;cxx;rc;def;r;odl;idl;hpj;bat</Extensions>
    </Filter>
    <Filter Include="Header Files">
      <UniqueIdentifier>{72b9e279-5253-4e85-83c2-6c7e6347980d}</UniqueIdentifier>
      <Extensions>h;hpp;hxx;hm;inl</Extensions>
    </Filter>
  </ItemGroup>
  <ItemGroup>
    <ClCompile Include="source\Cell.cpp">
      <Filter>Source Files</Filter>
    </ClCompile>
    <ClCompile Include="source\Layer.cpp">
      <Filter>Source Files</Filter>
    </ClCompile>
    <ClCompile Include="source\MapData.cpp">
      <Filter>Source Files</Filter>
    </ClCompile>
    <ClCompile Include="source\MapDataPath.cpp">
      <Filter>Source Files</Filter>
    </ClCompile>
    <ClCompile Include="source\MapObj.cpp">
      <Filter>Source Files</Filter>
    </ClCompile>
    <ClCompile Include="source\TerrainObj.cpp">
      <Filter>Source Files</Filter>
    </ClCompile>
    <ClCompile Include="source\TerrainObjPart.cpp">
      <Filter>Source Files</Filter>
    </ClCompile>
  </ItemGroup>
  <ItemGroup>
    <ClInclude Include="source\Cell.h">
      <Filter>Header Files</Filter>
    </ClInclude>
    <ClInclude Include="source\Layer.h">
      <Filter>Header Files</Filter>
    </ClInclude>
    <ClInclude Include="source\MapData.h">
      <Filter>Header Files</Filter>
    </ClInclude>
    <ClInclude Include="source\MapObj.h">
      <Filter>Header Files</Filter>
    </ClInclude>
    <ClInclude Include="source\T_CompactObjSet.h">
      <Filter>Header Files</Filter>
    </ClInclude>
    <ClInclude Include="source\TerrainObj.h">
      <Filter>Header Files</Filter>
    </ClInclude>
    <ClInclude Include="source\TerrainObjPart.h">
      <Filter>Header Files</Filter>
    </ClInclude>
    <ClInclude Include="I_MapData.h">
      <Filter>Header Files</Filter>
    </ClInclude>
    <ClInclude Include="source\typedef.h">
      <Filter>Header Files</Filter>
    </ClInclude>
  </ItemGroup>
  <ItemGroup>
    <CustomBuild Include="设计说明.txt" />
  </ItemGroup>
</Project>