<?xml version="1.0" encoding="utf-8"?>
<Project ToolsVersion="4.0" xmlns="http://schemas.microsoft.com/developer/msbuild/2003">
  <ItemGroup>
    <Filter Include="Source Files">
      <UniqueIdentifier>{d9b3c500-93c2-461f-8537-cef4fd651b63}</UniqueIdentifier>
      <Extensions>cpp;c;cxx;rc;def;r;odl;idl;hpj;bat</Extensions>
    </Filter>
    <Filter Include="Header Files">
      <UniqueIdentifier>{57562b75-5df4-4c6b-b2ec-86785ec76b3e}</UniqueIdentifier>
      <Extensions>h;hpp;hxx;hm;inl</Extensions>
    </Filter>
    <Filter Include="Resource Files">
      <UniqueIdentifier>{80d97bc0-920b-4ac3-8a15-54a7aa5714df}</UniqueIdentifier>
      <Extensions>ico;cur;bmp;dlg;rc2;rct;bin;rgs;gif;jpg;jpeg;jpe</Extensions>
    </Filter>
  </ItemGroup>
  <ItemGroup>
    <ClInclude Include="include\c3_camera.h">
      <Filter>Header Files</Filter>
    </ClInclude>
    <ClInclude Include="include\c3_capscreen.h">
      <Filter>Header Files</Filter>
    </ClInclude>
    <ClInclude Include="include\c3_common.h">
      <Filter>Header Files</Filter>
    </ClInclude>
    <ClInclude Include="include\c3_datafile.h">
      <Filter>Header Files</Filter>
    </ClInclude>
    <ClInclude Include="include\c3_font.h">
      <Filter>Header Files</Filter>
    </ClInclude>
    <ClInclude Include="include\c3_key.h">
      <Filter>Header Files</Filter>
    </ClInclude>
    <ClInclude Include="include\c3_main.h">
      <Filter>Header Files</Filter>
    </ClInclude>
    <ClInclude Include="include\c3_omni.h">
      <Filter>Header Files</Filter>
    </ClInclude>
    <ClInclude Include="include\c3_phy.h">
      <Filter>Header Files</Filter>
    </ClInclude>
    <ClInclude Include="include\c3_ptcl.h">
      <Filter>Header Files</Filter>
    </ClInclude>
    <ClInclude Include="include\c3_scene.h">
      <Filter>Header Files</Filter>
    </ClInclude>
    <ClInclude Include="include\c3_shape.h">
      <Filter>Header Files</Filter>
    </ClInclude>
    <ClInclude Include="include\c3_sprite.h">
      <Filter>Header Files</Filter>
    </ClInclude>
    <ClInclude Include="include\c3_texture.h">
      <Filter>Header Files</Filter>
    </ClInclude>
    <ClInclude Include="include\DnFile.h">
      <Filter>Header Files</Filter>
    </ClInclude>
    <ClInclude Include="include\ijl.h">
      <Filter>Header Files</Filter>
    </ClInclude>
    <ClInclude Include="include\MyDataFile.h">
      <Filter>Header Files</Filter>
    </ClInclude>
    <ClInclude Include="include\NvTriStrip.h">
      <Filter>Header Files</Filter>
    </ClInclude>
  </ItemGroup>
  <ItemGroup>
    <ClCompile Include="source\c3_camera.cpp">
      <Filter>Source Files</Filter>
    </ClCompile>
    <ClCompile Include="source\c3_capscreen.cpp">
      <Filter>Source Files</Filter>
    </ClCompile>
    <ClCompile Include="source\c3_common.cpp">
      <Filter>Source Files</Filter>
    </ClCompile>
    <ClCompile Include="source\c3_datafile.cpp">
      <Filter>Source Files</Filter>
    </ClCompile>
    <ClCompile Include="source\c3_font.cpp">
      <Filter>Source Files</Filter>
    </ClCompile>
    <ClCompile Include="source\c3_key.cpp">
      <Filter>Source Files</Filter>
    </ClCompile>
    <ClCompile Include="source\c3_main.cpp">
      <Filter>Source Files</Filter>
    </ClCompile>
    <ClCompile Include="source\c3_omni.cpp">
      <Filter>Source Files</Filter>
    </ClCompile>
    <ClCompile Include="source\c3_phy.cpp">
      <Filter>Source Files</Filter>
    </ClCompile>
    <ClCompile Include="source\c3_ptcl.cpp">
      <Filter>Source Files</Filter>
    </ClCompile>
    <ClCompile Include="source\c3_scene.cpp">
      <Filter>Source Files</Filter>
    </ClCompile>
    <ClCompile Include="source\c3_shape.cpp">
      <Filter>Source Files</Filter>
    </ClCompile>
    <ClCompile Include="source\c3_sprite.cpp">
      <Filter>Source Files</Filter>
    </ClCompile>
    <ClCompile Include="source\c3_texture.cpp">
      <Filter>Source Files</Filter>
    </ClCompile>
    <ClCompile Include="source\DnFile.cpp">
      <Filter>Source Files</Filter>
    </ClCompile>
  </ItemGroup>
</Project>