<?xml version="1.0" encoding="utf-8"?>
<Project ToolsVersion="4.0" xmlns="http://schemas.microsoft.com/developer/msbuild/2003">
  <ItemGroup>
    <Filter Include="Source Files">
      <UniqueIdentifier>{149773ae-2976-45da-a120-147b79077d2a}</UniqueIdentifier>
      <Extensions>cpp;c;cxx;rc;def;r;odl;idl;hpj;bat</Extensions>
    </Filter>
    <Filter Include="Header Files">
      <UniqueIdentifier>{3a0034f1-82ff-4b80-9b6a-d4bca86b122c}</UniqueIdentifier>
      <Extensions>h;hpp;hxx;hm;inl</Extensions>
    </Filter>
  </ItemGroup>
  <ItemGroup>
    <ClCompile Include="source\AiCenter.cpp">
      <Filter>Source Files</Filter>
    </ClCompile>
    <ClCompile Include="source\Fact.cpp">
      <Filter>Source Files</Filter>
    </ClCompile>
    <ClCompile Include="source\FactSet.cpp">
      <Filter>Source Files</Filter>
    </ClCompile>
    <ClCompile Include="source\RuleSet.cpp">
      <Filter>Source Files</Filter>
    </ClCompile>
    <ClCompile Include="source\SymbolTable.cpp">
      <Filter>Source Files</Filter>
    </ClCompile>
    <ClCompile Include="source\Syntax.cpp">
      <Filter>Source Files</Filter>
    </ClCompile>
  </ItemGroup>
  <ItemGroup>
    <ClInclude Include="source\AiCenter.h">
      <Filter>Header Files</Filter>
    </ClInclude>
    <ClInclude Include="source\define.h">
      <Filter>Header Files</Filter>
    </ClInclude>
    <ClInclude Include="source\Fact.h">
      <Filter>Header Files</Filter>
    </ClInclude>
    <ClInclude Include="source\FactSet.h">
      <Filter>Header Files</Filter>
    </ClInclude>
    <ClInclude Include="source\RuleSet.h">
      <Filter>Header Files</Filter>
    </ClInclude>
    <ClInclude Include="source\SymbolTable.h">
      <Filter>Header Files</Filter>
    </ClInclude>
    <ClInclude Include="source\Syntax.h">
      <Filter>Header Files</Filter>
    </ClInclude>
    <ClInclude Include="I_AiCenter.h">
      <Filter>Header Files</Filter>
    </ClInclude>
  </ItemGroup>
  <ItemGroup>
    <CustomBuild Include="AI发展计划.txt" />
    <CustomBuild Include="AI框架示意图.bmp" />
  </ItemGroup>
</Project>