<?xml version="1.0" encoding="utf-8"?>
<Project ToolsVersion="4.0" xmlns="http://schemas.microsoft.com/developer/msbuild/2003">
  <ItemGroup>
    <Filter Include="Source Files">
      <UniqueIdentifier>{f197c754-7562-404b-bea5-27b0a8768d3b}</UniqueIdentifier>
      <Extensions>cpp;c;cxx;rc;def;r;odl;idl;hpj;bat</Extensions>
    </Filter>
    <Filter Include="Header Files">
      <UniqueIdentifier>{c603ce95-3821-4e67-bde5-26e3ecdefdc9}</UniqueIdentifier>
      <Extensions>h;hpp;hxx;hm;inl</Extensions>
    </Filter>
    <Filter Include="Resource Files">
      <UniqueIdentifier>{3da6625c-2e41-4416-8c53-9700fcdfaabc}</UniqueIdentifier>
      <Extensions>ico;cur;bmp;dlg;rc2;rct;bin;rgs;gif;jpg;jpeg;jpe</Extensions>
    </Filter>
  </ItemGroup>
  <ItemGroup>
    <ClCompile Include="3DSound.cpp">
      <Filter>Source Files</Filter>
    </ClCompile>
    <ClCompile Include="dmutil.cpp">
      <Filter>Source Files</Filter>
    </ClCompile>
    <ClCompile Include="dsutil.cpp">
      <Filter>Source Files</Filter>
    </ClCompile>
    <ClCompile Include="media.cpp">
      <Filter>Source Files</Filter>
    </ClCompile>
    <ClCompile Include="NDsound.cpp">
      <Filter>Source Files</Filter>
    </ClCompile>
  </ItemGroup>
  <ItemGroup>
    <ClInclude Include="3DSound.h">
      <Filter>Header Files</Filter>
    </ClInclude>
    <ClInclude Include="dmutil.h">
      <Filter>Header Files</Filter>
    </ClInclude>
    <ClInclude Include="dsutil.h">
      <Filter>Header Files</Filter>
    </ClInclude>
    <ClInclude Include="media.h">
      <Filter>Header Files</Filter>
    </ClInclude>
    <ClInclude Include="NDsound.h">
      <Filter>Header Files</Filter>
    </ClInclude>
  </ItemGroup>
</Project>