<?xml version="1.0" encoding="utf-8"?>
<Project ToolsVersion="4.0" xmlns="http://schemas.microsoft.com/developer/msbuild/2003">
  <ItemGroup>
    <Filter Include="Source Files">
      <UniqueIdentifier>{89251cbe-1d4f-41a7-9231-ff7b77b5749f}</UniqueIdentifier>
      <Extensions>cpp;c;cxx;rc;def;r;odl;idl;hpj;bat</Extensions>
    </Filter>
    <Filter Include="Header Files">
      <UniqueIdentifier>{9bd3cbd0-17d7-40a8-86af-c96944671e6b}</UniqueIdentifier>
      <Extensions>h;hpp;hxx;hm;inl</Extensions>
    </Filter>
    <Filter Include="Resource Files">
      <UniqueIdentifier>{54a10089-36d2-4457-ad86-4feb31c7d1e7}</UniqueIdentifier>
      <Extensions>ico;cur;bmp;dlg;rc2;rct;bin;rgs;gif;jpg;jpeg;jpe</Extensions>
    </Filter>
    <Filter Include="import">
      <UniqueIdentifier>{3ed37215-be40-4416-b586-ac737f911168}</UniqueIdentifier>
    </Filter>
  </ItemGroup>
  <ItemGroup>
    <ClCompile Include="AccountServer.cpp">
      <Filter>Source Files</Filter>
    </ClCompile>
    <ClCompile Include="AccountServerDlg.cpp">
      <Filter>Source Files</Filter>
    </ClCompile>
    <ClCompile Include="Global.cpp">
      <Filter>Source Files</Filter>
    </ClCompile>
    <ClCompile Include="IniFile.cpp">
      <Filter>Source Files</Filter>
    </ClCompile>
    <ClCompile Include="ListenSocket.cpp">
      <Filter>Source Files</Filter>
    </ClCompile>
    <ClCompile Include="logfile.cpp">
      <Filter>Source Files</Filter>
    </ClCompile>
    <ClCompile Include="LoginThread.cpp">
      <Filter>Source Files</Filter>
    </ClCompile>
    <ClCompile Include="MsgAccount91U.cpp">
      <Filter>Source Files</Filter>
    </ClCompile>
    <ClCompile Include="MsgBarAccount.cpp">
      <Filter>Source Files</Filter>
    </ClCompile>
    <ClCompile Include="MsgConnect91U.cpp">
      <Filter>Source Files</Filter>
    </ClCompile>
    <ClCompile Include="MsgFee.cpp">
      <Filter>Source Files</Filter>
    </ClCompile>
    <ClCompile Include="MsgQueryFee.cpp">
      <Filter>Source Files</Filter>
    </ClCompile>
    <ClCompile Include="MyHeap.cpp">
      <Filter>Source Files</Filter>
    </ClCompile>
    <ClCompile Include="OnlineTable.cpp">
      <Filter>Source Files</Filter>
    </ClCompile>
    <ClCompile Include="PointThread.cpp">
      <Filter>Source Files</Filter>
    </ClCompile>
    <ClCompile Include="RC5_321216.cpp">
      <Filter>Source Files</Filter>
    </ClCompile>
    <ClCompile Include="StdAfx.cpp">
      <Filter>Source Files</Filter>
    </ClCompile>
    <ClCompile Include="ThreadBase.cpp">
      <Filter>Source Files</Filter>
    </ClCompile>
    <ClCompile Include="typedef.cpp">
      <Filter>Source Files</Filter>
    </ClCompile>
    <ClCompile Include="Account.cpp">
      <Filter>import</Filter>
    </ClCompile>
    <ClCompile Include="MsgAccount.cpp">
      <Filter>import</Filter>
    </ClCompile>
    <ClCompile Include="MsgConnect.cpp">
      <Filter>import</Filter>
    </ClCompile>
    <ClCompile Include="MsgLogin.cpp">
      <Filter>import</Filter>
    </ClCompile>
    <ClCompile Include="NetMsg.cpp">
      <Filter>import</Filter>
    </ClCompile>
  </ItemGroup>
  <ItemGroup>
    <ResourceCompile Include="AccountServer.rc">
      <Filter>Source Files</Filter>
    </ResourceCompile>
  </ItemGroup>
  <ItemGroup>
    <ClInclude Include="AccountServer.h">
      <Filter>Header Files</Filter>
    </ClInclude>
    <ClInclude Include="AccountServerDlg.h">
      <Filter>Header Files</Filter>
    </ClInclude>
    <ClInclude Include="AllHeads.h">
      <Filter>Header Files</Filter>
    </ClInclude>
    <ClInclude Include="EncryptClient.h">
      <Filter>Header Files</Filter>
    </ClInclude>
    <ClInclude Include="EncryptServer.h">
      <Filter>Header Files</Filter>
    </ClInclude>
    <ClInclude Include="Global.h">
      <Filter>Header Files</Filter>
    </ClInclude>
    <ClInclude Include="IniFile.h">
      <Filter>Header Files</Filter>
    </ClInclude>
    <ClInclude Include="ListenSocket.h">
      <Filter>Header Files</Filter>
    </ClInclude>
    <ClInclude Include="logfile.h">
      <Filter>Header Files</Filter>
    </ClInclude>
    <ClInclude Include="LoginThread.h">
      <Filter>Header Files</Filter>
    </ClInclude>
    <ClInclude Include="MsgAccount91U.h">
      <Filter>Header Files</Filter>
    </ClInclude>
    <ClInclude Include="MsgBarAccount.h">
      <Filter>Header Files</Filter>
    </ClInclude>
    <ClInclude Include="MsgConnect91U.h">
      <Filter>Header Files</Filter>
    </ClInclude>
    <ClInclude Include="MsgFee.h">
      <Filter>Header Files</Filter>
    </ClInclude>
    <ClInclude Include="MsgQueryFee.h">
      <Filter>Header Files</Filter>
    </ClInclude>
    <ClInclude Include="MyHeap.h">
      <Filter>Header Files</Filter>
    </ClInclude>
    <ClInclude Include="OnlineTable.h">
      <Filter>Header Files</Filter>
    </ClInclude>
    <ClInclude Include="PointThread.h">
      <Filter>Header Files</Filter>
    </ClInclude>
    <ClInclude Include="RC5_321216.h">
      <Filter>Header Files</Filter>
    </ClInclude>
    <ClInclude Include="Resource.h">
      <Filter>Header Files</Filter>
    </ClInclude>
    <ClInclude Include="StdAfx.h">
      <Filter>Header Files</Filter>
    </ClInclude>
    <ClInclude Include="T_Index.h">
      <Filter>Header Files</Filter>
    </ClInclude>
    <ClInclude Include="ThreadBase.h">
      <Filter>Header Files</Filter>
    </ClInclude>
    <ClInclude Include="Account.h">
      <Filter>import</Filter>
    </ClInclude>
    <ClInclude Include="Define.h">
      <Filter>import</Filter>
    </ClInclude>
    <ClInclude Include="MsgAccount.h">
      <Filter>import</Filter>
    </ClInclude>
    <ClInclude Include="MsgConnect.h">
      <Filter>import</Filter>
    </ClInclude>
    <ClInclude Include="MsgLogin.h">
      <Filter>import</Filter>
    </ClInclude>
    <ClInclude Include="NetMsg.h">
      <Filter>import</Filter>
    </ClInclude>
    <ClInclude Include="typedef.h">
      <Filter>Header Files</Filter>
    </ClInclude>
    <ClInclude Include="ServerSocket.h">
      <Filter>Header Files</Filter>
    </ClInclude>
    <ClInclude Include="ServerSocket.h">
      <Filter>Header Files</Filter>
    </ClInclude>
  </ItemGroup>
  <ItemGroup>
    <CustomBuild Include="res\AccountServer.ico">
      <Filter>Resource Files</Filter>
    </CustomBuild>
    <CustomBuild Include="res\AccountServer.rc2">
      <Filter>Resource Files</Filter>
    </CustomBuild>
    <CustomBuild Include="account.sql" />
    <CustomBuild Include="版本更新日志.txt" />
    <CustomBuild Include="当前工作.txt" />
    <CustomBuild Include="设计任务.txt" />
    <CustomBuild Include="设计日志.txt" />
    <CustomBuild Include="设计说明.txt" />
  </ItemGroup>
</Project>