
Microsoft Visual Studio Solution File, Format Version 11.00
# Visual Studio 2010
Project("{8BC9CEB8-8B4A-11D0-8D11-00A0C91BC942}") = "AiModule", "AiModule\AiModule.vcxproj", "{77FE5417-B3EF-56DD-5BD0-CB166110E3AD}"
EndProject
Project("{8BC9CEB8-8B4A-11D0-8D11-00A0C91BC942}") = "Comm", "Comm\Comm.vcxproj", "{F7D7C962-921F-3114-B19E-6D074BFCEF53}"
EndProject
Project("{8BC9CEB8-8B4A-11D0-8D11-00A0C91BC942}") = "MapData", "MapData\MapData.vcxproj", "{549257E5-EF69-01AE-BCBA-43EB77F0DE74}"
EndProject
Project("{8BC9CEB8-8B4A-11D0-8D11-00A0C91BC942}") = "MyNpcSvr", "NpcServer\NpcServer.vcxproj", "{5DC88271-E756-CD3A-E7B6-FDB6DE4E52BC}"
EndProject
Project("{8BC9CEB8-8B4A-11D0-8D11-00A0C91BC942}") = "MapGroupKernel", "MapGroupKernel\MapGroupKernel.vcxproj", "{DB42A236-F267-1A20-C47D-3D09FFC0FA13}"
EndProject
Project("{8BC9CEB8-8B4A-11D0-8D11-00A0C91BC942}") = "NpcKernel", "NpcKernel\NpcKernel.vcxproj", "{5A2BD408-4F9C-3681-CF63-D821D70CEBB0}"
EndProject
Project("{8BC9CEB8-8B4A-11D0-8D11-00A0C91BC942}") = "Common", "Common\Common.vcxproj", "{10C79ACF-0F23-E244-C369-1D3FF4B0AEA1}"
EndProject
Project("{8BC9CEB8-8B4A-11D0-8D11-00A0C91BC942}") = "ServerSocket", "ServerSocket\ServerSocket.vcxproj", "{542D5072-DC7E-8BB8-52A9-3B72B2254D0C}"
EndProject
Project("{8BC9CEB8-8B4A-11D0-8D11-00A0C91BC942}") = "WorldKernel", "WorldKernel\WorldKernel.vcxproj", "{5C6916F8-3B54-189F-1662-7935ABFA85F2}"
EndProject
Project("{8BC9CEB8-8B4A-11D0-8D11-00A0C91BC942}") = "MyMsgSvr", "MsgServer\MsgServer.vcxproj", "{7C5B9BC3-D7AA-C337-F601-6002313D5050}"
	ProjectSection(ProjectDependencies) = postProject
		{542D5072-DC7E-8BB8-52A9-3B72B2254D0C} = {542D5072-DC7E-8BB8-52A9-3B72B2254D0C}
		{5C6916F8-3B54-189F-1662-7935ABFA85F2} = {5C6916F8-3B54-189F-1662-7935ABFA85F2}
		{77FE5417-B3EF-56DD-5BD0-CB166110E3AD} = {77FE5417-B3EF-56DD-5BD0-CB166110E3AD}
		{10C79ACF-0F23-E244-C369-1D3FF4B0AEA1} = {10C79ACF-0F23-E244-C369-1D3FF4B0AEA1}
		{F7D7C962-921F-3114-B19E-6D074BFCEF53} = {F7D7C962-921F-3114-B19E-6D074BFCEF53}
		{D87D835F-5C9D-9AF2-F26C-B71ACF97B831} = {D87D835F-5C9D-9AF2-F26C-B71ACF97B831}
		{549257E5-EF69-01AE-BCBA-43EB77F0DE74} = {549257E5-EF69-01AE-BCBA-43EB77F0DE74}
	EndProjectSection
EndProject
Project("{8BC9CEB8-8B4A-11D0-8D11-00A0C91BC942}") = "MyAccSvr", "AccountServer\AccountServer.vcxproj", "{CD54B808-C945-793C-1324-A123811F3D0C}"
	ProjectSection(ProjectDependencies) = postProject
		{B9F1A53A-9CB7-44DA-99EB-2DC34609AE49} = {B9F1A53A-9CB7-44DA-99EB-2DC34609AE49}
	EndProjectSection
EndProject
Project("{8BC9CEB8-8B4A-11D0-8D11-00A0C91BC942}") = "MyDBMT", "MyDBMT\MyDBMT.vcxproj", "{D87D835F-5C9D-9AF2-F26C-B71ACF97B831}"
EndProject
Project("{8BC9CEB8-8B4A-11D0-8D11-00A0C91BC942}") = "MyDB", "MyDB\MyDB.vcxproj", "{B9F1A53A-9CB7-44DA-99EB-2DC34609AE49}"
EndProject
Global
	GlobalSection(SolutionConfigurationPlatforms) = preSolution
		Debug NewDatabase|Win32 = Debug NewDatabase|Win32
		Debug|Win32 = Debug|Win32
		Release|Win32 = Release|Win32
		Template|Win32 = Template|Win32
	EndGlobalSection
	GlobalSection(ProjectConfigurationPlatforms) = postSolution
		{77FE5417-B3EF-56DD-5BD0-CB166110E3AD}.Debug NewDatabase|Win32.ActiveCfg = Debug|Win32
		{77FE5417-B3EF-56DD-5BD0-CB166110E3AD}.Debug NewDatabase|Win32.Build.0 = Debug|Win32
		{77FE5417-B3EF-56DD-5BD0-CB166110E3AD}.Debug|Win32.ActiveCfg = Debug|Win32
		{77FE5417-B3EF-56DD-5BD0-CB166110E3AD}.Debug|Win32.Build.0 = Debug|Win32
		{77FE5417-B3EF-56DD-5BD0-CB166110E3AD}.Release|Win32.ActiveCfg = Release|Win32
		{77FE5417-B3EF-56DD-5BD0-CB166110E3AD}.Release|Win32.Build.0 = Release|Win32
		{77FE5417-B3EF-56DD-5BD0-CB166110E3AD}.Template|Win32.ActiveCfg = Release|Win32
		{77FE5417-B3EF-56DD-5BD0-CB166110E3AD}.Template|Win32.Build.0 = Release|Win32
		{F7D7C962-921F-3114-B19E-6D074BFCEF53}.Debug NewDatabase|Win32.ActiveCfg = Debug|Win32
		{F7D7C962-921F-3114-B19E-6D074BFCEF53}.Debug NewDatabase|Win32.Build.0 = Debug|Win32
		{F7D7C962-921F-3114-B19E-6D074BFCEF53}.Debug|Win32.ActiveCfg = Debug|Win32
		{F7D7C962-921F-3114-B19E-6D074BFCEF53}.Debug|Win32.Build.0 = Debug|Win32
		{F7D7C962-921F-3114-B19E-6D074BFCEF53}.Release|Win32.ActiveCfg = Release|Win32
		{F7D7C962-921F-3114-B19E-6D074BFCEF53}.Release|Win32.Build.0 = Release|Win32
		{F7D7C962-921F-3114-B19E-6D074BFCEF53}.Template|Win32.ActiveCfg = Template|Win32
		{F7D7C962-921F-3114-B19E-6D074BFCEF53}.Template|Win32.Build.0 = Template|Win32
		{549257E5-EF69-01AE-BCBA-43EB77F0DE74}.Debug NewDatabase|Win32.ActiveCfg = Debug|Win32
		{549257E5-EF69-01AE-BCBA-43EB77F0DE74}.Debug NewDatabase|Win32.Build.0 = Debug|Win32
		{549257E5-EF69-01AE-BCBA-43EB77F0DE74}.Debug|Win32.ActiveCfg = Debug|Win32
		{549257E5-EF69-01AE-BCBA-43EB77F0DE74}.Debug|Win32.Build.0 = Debug|Win32
		{549257E5-EF69-01AE-BCBA-43EB77F0DE74}.Release|Win32.ActiveCfg = Release|Win32
		{549257E5-EF69-01AE-BCBA-43EB77F0DE74}.Release|Win32.Build.0 = Release|Win32
		{549257E5-EF69-01AE-BCBA-43EB77F0DE74}.Template|Win32.ActiveCfg = Template|Win32
		{549257E5-EF69-01AE-BCBA-43EB77F0DE74}.Template|Win32.Build.0 = Template|Win32
		{5DC88271-E756-CD3A-E7B6-FDB6DE4E52BC}.Debug NewDatabase|Win32.ActiveCfg = Debug|Win32
		{5DC88271-E756-CD3A-E7B6-FDB6DE4E52BC}.Debug NewDatabase|Win32.Build.0 = Debug|Win32
		{5DC88271-E756-CD3A-E7B6-FDB6DE4E52BC}.Debug|Win32.ActiveCfg = Debug|Win32
		{5DC88271-E756-CD3A-E7B6-FDB6DE4E52BC}.Debug|Win32.Build.0 = Debug|Win32
		{5DC88271-E756-CD3A-E7B6-FDB6DE4E52BC}.Release|Win32.ActiveCfg = Release|Win32
		{5DC88271-E756-CD3A-E7B6-FDB6DE4E52BC}.Release|Win32.Build.0 = Release|Win32
		{5DC88271-E756-CD3A-E7B6-FDB6DE4E52BC}.Template|Win32.ActiveCfg = Template|Win32
		{5DC88271-E756-CD3A-E7B6-FDB6DE4E52BC}.Template|Win32.Build.0 = Template|Win32
		{DB42A236-F267-1A20-C47D-3D09FFC0FA13}.Debug NewDatabase|Win32.ActiveCfg = Debug|Win32
		{DB42A236-F267-1A20-C47D-3D09FFC0FA13}.Debug NewDatabase|Win32.Build.0 = Debug|Win32
		{DB42A236-F267-1A20-C47D-3D09FFC0FA13}.Debug|Win32.ActiveCfg = Debug|Win32
		{DB42A236-F267-1A20-C47D-3D09FFC0FA13}.Debug|Win32.Build.0 = Debug|Win32
		{DB42A236-F267-1A20-C47D-3D09FFC0FA13}.Release|Win32.ActiveCfg = Release|Win32
		{DB42A236-F267-1A20-C47D-3D09FFC0FA13}.Release|Win32.Build.0 = Release|Win32
		{DB42A236-F267-1A20-C47D-3D09FFC0FA13}.Template|Win32.ActiveCfg = Template|Win32
		{DB42A236-F267-1A20-C47D-3D09FFC0FA13}.Template|Win32.Build.0 = Template|Win32
		{5A2BD408-4F9C-3681-CF63-D821D70CEBB0}.Debug NewDatabase|Win32.ActiveCfg = Debug|Win32
		{5A2BD408-4F9C-3681-CF63-D821D70CEBB0}.Debug NewDatabase|Win32.Build.0 = Debug|Win32
		{5A2BD408-4F9C-3681-CF63-D821D70CEBB0}.Debug|Win32.ActiveCfg = Debug|Win32
		{5A2BD408-4F9C-3681-CF63-D821D70CEBB0}.Debug|Win32.Build.0 = Debug|Win32
		{5A2BD408-4F9C-3681-CF63-D821D70CEBB0}.Release|Win32.ActiveCfg = Release|Win32
		{5A2BD408-4F9C-3681-CF63-D821D70CEBB0}.Release|Win32.Build.0 = Release|Win32
		{5A2BD408-4F9C-3681-CF63-D821D70CEBB0}.Template|Win32.ActiveCfg = Template|Win32
		{5A2BD408-4F9C-3681-CF63-D821D70CEBB0}.Template|Win32.Build.0 = Template|Win32
		{10C79ACF-0F23-E244-C369-1D3FF4B0AEA1}.Debug NewDatabase|Win32.ActiveCfg = Debug|Win32
		{10C79ACF-0F23-E244-C369-1D3FF4B0AEA1}.Debug NewDatabase|Win32.Build.0 = Debug|Win32
		{10C79ACF-0F23-E244-C369-1D3FF4B0AEA1}.Debug|Win32.ActiveCfg = Debug|Win32
		{10C79ACF-0F23-E244-C369-1D3FF4B0AEA1}.Debug|Win32.Build.0 = Debug|Win32
		{10C79ACF-0F23-E244-C369-1D3FF4B0AEA1}.Release|Win32.ActiveCfg = Release|Win32
		{10C79ACF-0F23-E244-C369-1D3FF4B0AEA1}.Release|Win32.Build.0 = Release|Win32
		{10C79ACF-0F23-E244-C369-1D3FF4B0AEA1}.Template|Win32.ActiveCfg = Template|Win32
		{10C79ACF-0F23-E244-C369-1D3FF4B0AEA1}.Template|Win32.Build.0 = Template|Win32
		{542D5072-DC7E-8BB8-52A9-3B72B2254D0C}.Debug NewDatabase|Win32.ActiveCfg = Debug|Win32
		{542D5072-DC7E-8BB8-52A9-3B72B2254D0C}.Debug NewDatabase|Win32.Build.0 = Debug|Win32
		{542D5072-DC7E-8BB8-52A9-3B72B2254D0C}.Debug|Win32.ActiveCfg = Debug|Win32
		{542D5072-DC7E-8BB8-52A9-3B72B2254D0C}.Debug|Win32.Build.0 = Debug|Win32
		{542D5072-DC7E-8BB8-52A9-3B72B2254D0C}.Release|Win32.ActiveCfg = Release|Win32
		{542D5072-DC7E-8BB8-52A9-3B72B2254D0C}.Release|Win32.Build.0 = Release|Win32
		{542D5072-DC7E-8BB8-52A9-3B72B2254D0C}.Template|Win32.ActiveCfg = Template|Win32
		{542D5072-DC7E-8BB8-52A9-3B72B2254D0C}.Template|Win32.Build.0 = Template|Win32
		{5C6916F8-3B54-189F-1662-7935ABFA85F2}.Debug NewDatabase|Win32.ActiveCfg = Debug|Win32
		{5C6916F8-3B54-189F-1662-7935ABFA85F2}.Debug NewDatabase|Win32.Build.0 = Debug|Win32
		{5C6916F8-3B54-189F-1662-7935ABFA85F2}.Debug|Win32.ActiveCfg = Debug|Win32
		{5C6916F8-3B54-189F-1662-7935ABFA85F2}.Debug|Win32.Build.0 = Debug|Win32
		{5C6916F8-3B54-189F-1662-7935ABFA85F2}.Release|Win32.ActiveCfg = Release|Win32
		{5C6916F8-3B54-189F-1662-7935ABFA85F2}.Release|Win32.Build.0 = Release|Win32
		{5C6916F8-3B54-189F-1662-7935ABFA85F2}.Template|Win32.ActiveCfg = Template|Win32
		{5C6916F8-3B54-189F-1662-7935ABFA85F2}.Template|Win32.Build.0 = Template|Win32
		{7C5B9BC3-D7AA-C337-F601-6002313D5050}.Debug NewDatabase|Win32.ActiveCfg = Debug|Win32
		{7C5B9BC3-D7AA-C337-F601-6002313D5050}.Debug NewDatabase|Win32.Build.0 = Debug|Win32
		{7C5B9BC3-D7AA-C337-F601-6002313D5050}.Debug|Win32.ActiveCfg = Debug|Win32
		{7C5B9BC3-D7AA-C337-F601-6002313D5050}.Debug|Win32.Build.0 = Debug|Win32
		{7C5B9BC3-D7AA-C337-F601-6002313D5050}.Release|Win32.ActiveCfg = Release|Win32
		{7C5B9BC3-D7AA-C337-F601-6002313D5050}.Release|Win32.Build.0 = Release|Win32
		{7C5B9BC3-D7AA-C337-F601-6002313D5050}.Template|Win32.ActiveCfg = Template|Win32
		{7C5B9BC3-D7AA-C337-F601-6002313D5050}.Template|Win32.Build.0 = Template|Win32
		{CD54B808-C945-793C-1324-A123811F3D0C}.Debug NewDatabase|Win32.ActiveCfg = Debug NewDatabase|Win32
		{CD54B808-C945-793C-1324-A123811F3D0C}.Debug NewDatabase|Win32.Build.0 = Debug NewDatabase|Win32
		{CD54B808-C945-793C-1324-A123811F3D0C}.Debug|Win32.ActiveCfg = Debug NewDatabase|Win32
		{CD54B808-C945-793C-1324-A123811F3D0C}.Debug|Win32.Build.0 = Debug NewDatabase|Win32
		{CD54B808-C945-793C-1324-A123811F3D0C}.Release|Win32.ActiveCfg = Release|Win32
		{CD54B808-C945-793C-1324-A123811F3D0C}.Release|Win32.Build.0 = Release|Win32
		{CD54B808-C945-793C-1324-A123811F3D0C}.Template|Win32.ActiveCfg = Release|Win32
		{CD54B808-C945-793C-1324-A123811F3D0C}.Template|Win32.Build.0 = Release|Win32
		{D87D835F-5C9D-9AF2-F26C-B71ACF97B831}.Debug NewDatabase|Win32.ActiveCfg = Debug|Win32
		{D87D835F-5C9D-9AF2-F26C-B71ACF97B831}.Debug NewDatabase|Win32.Build.0 = Debug|Win32
		{D87D835F-5C9D-9AF2-F26C-B71ACF97B831}.Debug|Win32.ActiveCfg = Debug|Win32
		{D87D835F-5C9D-9AF2-F26C-B71ACF97B831}.Debug|Win32.Build.0 = Debug|Win32
		{D87D835F-5C9D-9AF2-F26C-B71ACF97B831}.Release|Win32.ActiveCfg = Release|Win32
		{D87D835F-5C9D-9AF2-F26C-B71ACF97B831}.Release|Win32.Build.0 = Release|Win32
		{D87D835F-5C9D-9AF2-F26C-B71ACF97B831}.Template|Win32.ActiveCfg = Template|Win32
		{D87D835F-5C9D-9AF2-F26C-B71ACF97B831}.Template|Win32.Build.0 = Template|Win32
		{B9F1A53A-9CB7-44DA-99EB-2DC34609AE49}.Debug NewDatabase|Win32.ActiveCfg = Debug|Win32
		{B9F1A53A-9CB7-44DA-99EB-2DC34609AE49}.Debug NewDatabase|Win32.Build.0 = Debug|Win32
		{B9F1A53A-9CB7-44DA-99EB-2DC34609AE49}.Debug|Win32.ActiveCfg = Debug|Win32
		{B9F1A53A-9CB7-44DA-99EB-2DC34609AE49}.Debug|Win32.Build.0 = Debug|Win32
		{B9F1A53A-9CB7-44DA-99EB-2DC34609AE49}.Release|Win32.ActiveCfg = Release|Win32
		{B9F1A53A-9CB7-44DA-99EB-2DC34609AE49}.Release|Win32.Build.0 = Release|Win32
		{B9F1A53A-9CB7-44DA-99EB-2DC34609AE49}.Template|Win32.ActiveCfg = Template|Win32
		{B9F1A53A-9CB7-44DA-99EB-2DC34609AE49}.Template|Win32.Build.0 = Template|Win32
	EndGlobalSection
	GlobalSection(SolutionProperties) = preSolution
		HideSolutionNode = FALSE
	EndGlobalSection
EndGlobal
