<?xml version="1.0" encoding="utf-8"?>
<Project ToolsVersion="4.0" xmlns="http://schemas.microsoft.com/developer/msbuild/2003">
  <ItemGroup>
    <Filter Include="Source Files">
      <UniqueIdentifier>{893d4892-a1de-44f9-9f83-b5eae95fa3f3}</UniqueIdentifier>
      <Extensions>cpp;c;cxx;rc;def;r;odl;idl;hpj;bat</Extensions>
    </Filter>
    <Filter Include="Header Files">
      <UniqueIdentifier>{abfe82d5-4f69-4850-91a8-042ed9473f6c}</UniqueIdentifier>
      <Extensions>h;hpp;hxx;hm;inl</Extensions>
    </Filter>
    <Filter Include="Resource Files">
      <UniqueIdentifier>{34a387d3-d845-45fa-b92a-d233c8f1a7f6}</UniqueIdentifier>
      <Extensions>ico;cur;bmp;dlg;rc2;rct;bin;rgs;gif;jpg;jpeg;jpe</Extensions>
    </Filter>
  </ItemGroup>
  <ItemGroup>
    <ClCompile Include="BkWnd.cpp">
      <Filter>Source Files</Filter>
    </ClCompile>
    <ClCompile Include="DlgAct.cpp">
      <Filter>Source Files</Filter>
    </ClCompile>
    <ClCompile Include="DlgAddAuction.cpp">
      <Filter>Source Files</Filter>
    </ClCompile>
    <ClCompile Include="DlgAucPackage.cpp">
      <Filter>Source Files</Filter>
    </ClCompile>
    <ClCompile Include="DlgBidAuction.cpp">
      <Filter>Source Files</Filter>
    </ClCompile>
    <ClCompile Include="DlgBigmap.cpp">
      <Filter>Source Files</Filter>
    </ClCompile>
    <ClCompile Include="DlgBlack.cpp">
      <Filter>Source Files</Filter>
    </ClCompile>
    <ClCompile Include="DlgChat.cpp">
      <Filter>Source Files</Filter>
    </ClCompile>
    <ClCompile Include="DlgConfirm.cpp">
      <Filter>Source Files</Filter>
    </ClCompile>
    <ClCompile Include="DlgDepot.cpp">
      <Filter>Source Files</Filter>
    </ClCompile>
    <ClCompile Include="DlgDice.cpp">
      <Filter>Source Files</Filter>
    </ClCompile>
    <ClCompile Include="DlgDiceList.cpp">
      <Filter>Source Files</Filter>
    </ClCompile>
    <ClCompile Include="DlgEffigy.cpp">
      <Filter>Source Files</Filter>
    </ClCompile>
    <ClCompile Include="DlgEmbed.cpp">
      <Filter>Source Files</Filter>
    </ClCompile>
    <ClCompile Include="DlgEmblemBuy.cpp">
      <Filter>Source Files</Filter>
    </ClCompile>
    <ClCompile Include="DlgEmotion.cpp">
      <Filter>Source Files</Filter>
    </ClCompile>
    <ClCompile Include="DlgEnemy.cpp">
      <Filter>Source Files</Filter>
    </ClCompile>
    <ClCompile Include="DlgEnmState.cpp">
      <Filter>Source Files</Filter>
    </ClCompile>
    <ClCompile Include="DlgEquip.cpp">
      <Filter>Source Files</Filter>
    </ClCompile>
    <ClCompile Include="DlgFacState.cpp">
      <Filter>Source Files</Filter>
    </ClCompile>
    <ClCompile Include="DlgFrdState.cpp">
      <Filter>Source Files</Filter>
    </ClCompile>
    <ClCompile Include="DlgFriend.cpp">
      <Filter>Source Files</Filter>
    </ClCompile>
    <ClCompile Include="DlgGroup.cpp">
      <Filter>Source Files</Filter>
    </ClCompile>
    <ClCompile Include="DlgHawk.cpp">
      <Filter>Source Files</Filter>
    </ClCompile>
    <ClCompile Include="DlgHead.cpp">
      <Filter>Source Files</Filter>
    </ClCompile>
    <ClCompile Include="DlgHelp.cpp">
      <Filter>Source Files</Filter>
    </ClCompile>
    <ClCompile Include="DlgIdentify.cpp">
      <Filter>Source Files</Filter>
    </ClCompile>
    <ClCompile Include="DlgImprove.cpp">
      <Filter>Source Files</Filter>
    </ClCompile>
    <ClCompile Include="DlgInsHelp.cpp">
      <Filter>Source Files</Filter>
    </ClCompile>
    <ClCompile Include="DlgKnightage.cpp">
      <Filter>Source Files</Filter>
    </ClCompile>
    <ClCompile Include="DlgKnightageBase.cpp">
      <Filter>Source Files</Filter>
    </ClCompile>
    <ClCompile Include="DlgKnightageBillBoard.cpp">
      <Filter>Source Files</Filter>
    </ClCompile>
    <ClCompile Include="DlgKnightageEnemy.cpp">
      <Filter>Source Files</Filter>
    </ClCompile>
    <ClCompile Include="DlgKnightageMemList.cpp">
      <Filter>Source Files</Filter>
    </ClCompile>
    <ClCompile Include="DlgKnightageState.cpp">
      <Filter>Source Files</Filter>
    </ClCompile>
    <ClCompile Include="DlgKongfu.cpp">
      <Filter>Source Files</Filter>
    </ClCompile>
    <ClCompile Include="DlgLay.cpp">
      <Filter>Source Files</Filter>
    </ClCompile>
    <ClCompile Include="DlgLevWord.cpp">
      <Filter>Source Files</Filter>
    </ClCompile>
    <ClCompile Include="DlgListBox.cpp">
      <Filter>Source Files</Filter>
    </ClCompile>
    <ClCompile Include="DlgLog.cpp">
      <Filter>Source Files</Filter>
    </ClCompile>
    <ClCompile Include="DlgLogin.cpp">
      <Filter>Source Files</Filter>
    </ClCompile>
    <ClCompile Include="DlgLogo.cpp">
      <Filter>Source Files</Filter>
    </ClCompile>
    <ClCompile Include="DlgMagic.cpp">
      <Filter>Source Files</Filter>
    </ClCompile>
    <ClCompile Include="DlgMain.cpp">
      <Filter>Source Files</Filter>
    </ClCompile>
    <ClCompile Include="DlgMipmap.cpp">
      <Filter>Source Files</Filter>
    </ClCompile>
    <ClCompile Include="DlgMonster.cpp">
      <Filter>Source Files</Filter>
    </ClCompile>
    <ClCompile Include="DlgMonsterDepot.cpp">
      <Filter>Source Files</Filter>
    </ClCompile>
    <ClCompile Include="DlgMonsterEvolve.cpp">
      <Filter>Source Files</Filter>
    </ClCompile>
    <ClCompile Include="DlgMonsterHatch.cpp">
      <Filter>Source Files</Filter>
    </ClCompile>
    <ClCompile Include="DlgMonsterHeads.cpp">
      <Filter>Source Files</Filter>
    </ClCompile>
    <ClCompile Include="DlgMonsterImprove.cpp">
      <Filter>Source Files</Filter>
    </ClCompile>
    <ClCompile Include="DlgMonsterNpc.cpp">
      <Filter>Source Files</Filter>
    </ClCompile>
    <ClCompile Include="DlgMonsterSkill.cpp">
      <Filter>Source Files</Filter>
    </ClCompile>
    <ClCompile Include="DlgMpcBooth.cpp">
      <Filter>Source Files</Filter>
    </ClCompile>
    <ClCompile Include="DlgMpcGoods.cpp">
      <Filter>Source Files</Filter>
    </ClCompile>
    <ClCompile Include="DlgMsg.cpp">
      <Filter>Source Files</Filter>
    </ClCompile>
    <ClCompile Include="DlgMsgReceive.cpp">
      <Filter>Source Files</Filter>
    </ClCompile>
    <ClCompile Include="DlgMsgSend.cpp">
      <Filter>Source Files</Filter>
    </ClCompile>
    <ClCompile Include="DlgNorMsg.cpp">
      <Filter>Source Files</Filter>
    </ClCompile>
    <ClCompile Include="DlgNpcBooth.cpp">
      <Filter>Source Files</Filter>
    </ClCompile>
    <ClCompile Include="DlgNpcBuy.cpp">
      <Filter>Source Files</Filter>
    </ClCompile>
    <ClCompile Include="DlgNpcEquip.cpp">
      <Filter>Source Files</Filter>
    </ClCompile>
    <ClCompile Include="DlgNpcFace.cpp">
      <Filter>Source Files</Filter>
    </ClCompile>
    <ClCompile Include="DlgOther.cpp">
      <Filter>Source Files</Filter>
    </ClCompile>
    <ClCompile Include="DlgPk.cpp">
      <Filter>Source Files</Filter>
    </ClCompile>
    <ClCompile Include="DlgPlayerTaskGet.cpp">
      <Filter>Source Files</Filter>
    </ClCompile>
    <ClCompile Include="DlgPlayerTaskList.cpp">
      <Filter>Source Files</Filter>
    </ClCompile>
    <ClCompile Include="DlgPlayerTaskView.cpp">
      <Filter>Source Files</Filter>
    </ClCompile>
    <ClCompile Include="DlgProgress.cpp">
      <Filter>Source Files</Filter>
    </ClCompile>
    <ClCompile Include="DlgProIntro.cpp">
      <Filter>Source Files</Filter>
    </ClCompile>
    <ClCompile Include="DlgQGood.cpp">
      <Filter>Source Files</Filter>
    </ClCompile>
    <ClCompile Include="DlgQuery.cpp">
      <Filter>Source Files</Filter>
    </ClCompile>
    <ClCompile Include="DlgQuery_Role.cpp">
      <Filter>Source Files</Filter>
    </ClCompile>
    <ClCompile Include="DlgRoleChoose.cpp">
      <Filter>Source Files</Filter>
    </ClCompile>
    <ClCompile Include="DlgRoleCreate.cpp">
      <Filter>Source Files</Filter>
    </ClCompile>
    <ClCompile Include="DlgSchoolList.cpp">
      <Filter>Source Files</Filter>
    </ClCompile>
    <ClCompile Include="DlgServerSel.cpp">
      <Filter>Source Files</Filter>
    </ClCompile>
    <ClCompile Include="DlgSetup.cpp">
      <Filter>Source Files</Filter>
    </ClCompile>
    <ClCompile Include="DlgSetup_Chat.cpp">
      <Filter>Source Files</Filter>
    </ClCompile>
    <ClCompile Include="DlgSetup_Graph.cpp">
      <Filter>Source Files</Filter>
    </ClCompile>
    <ClCompile Include="DlgSetup_Hotkey.cpp">
      <Filter>Source Files</Filter>
    </ClCompile>
    <ClCompile Include="DlgSetup_Music.cpp">
      <Filter>Source Files</Filter>
    </ClCompile>
    <ClCompile Include="DlgSkill.cpp">
      <Filter>Source Files</Filter>
    </ClCompile>
    <ClCompile Include="DlgSkill_HotKey.cpp">
      <Filter>Source Files</Filter>
    </ClCompile>
    <ClCompile Include="DlgStoneGoods.cpp">
      <Filter>Source Files</Filter>
    </ClCompile>
    <ClCompile Include="DlgTalk.cpp">
      <Filter>Source Files</Filter>
    </ClCompile>
    <ClCompile Include="DlgTalkAct.cpp">
      <Filter>Source Files</Filter>
    </ClCompile>
    <ClCompile Include="DlgTalkTarget.cpp">
      <Filter>Source Files</Filter>
    </ClCompile>
    <ClCompile Include="DlgTask.cpp">
      <Filter>Source Files</Filter>
    </ClCompile>
    <ClCompile Include="DlgTaskItem.cpp">
      <Filter>Source Files</Filter>
    </ClCompile>
    <ClCompile Include="DlgTaskKiller.cpp">
      <Filter>Source Files</Filter>
    </ClCompile>
    <ClCompile Include="DlgTaskMonster.cpp">
      <Filter>Source Files</Filter>
    </ClCompile>
    <ClCompile Include="DlgTaskUpItem.cpp">
      <Filter>Source Files</Filter>
    </ClCompile>
    <ClCompile Include="DlgTboardDetial.cpp">
      <Filter>Source Files</Filter>
    </ClCompile>
    <ClCompile Include="DlgTboardList.cpp">
      <Filter>Source Files</Filter>
    </ClCompile>
    <ClCompile Include="DlgTeacherBoard.cpp">
      <Filter>Source Files</Filter>
    </ClCompile>
    <ClCompile Include="DlgTitleBar.cpp">
      <Filter>Source Files</Filter>
    </ClCompile>
    <ClCompile Include="DlgTrade.cpp">
      <Filter>Source Files</Filter>
    </ClCompile>
    <ClCompile Include="DlgTxtAction.cpp">
      <Filter>Source Files</Filter>
    </ClCompile>
    <ClCompile Include="DlgXp.cpp">
      <Filter>Source Files</Filter>
    </ClCompile>
    <ClCompile Include="MenuGroup.cpp">
      <Filter>Source Files</Filter>
    </ClCompile>
    <ClCompile Include="MenuPetAtk.cpp">
      <Filter>Source Files</Filter>
    </ClCompile>
    <ClCompile Include="MenuTalk.cpp">
      <Filter>Source Files</Filter>
    </ClCompile>
    <ClCompile Include="MyButton.cpp">
      <Filter>Source Files</Filter>
    </ClCompile>
    <ClCompile Include="MyCheck.cpp">
      <Filter>Source Files</Filter>
    </ClCompile>
    <ClCompile Include="MyCombo.cpp">
      <Filter>Source Files</Filter>
    </ClCompile>
    <ClCompile Include="MyEdit.cpp">
      <Filter>Source Files</Filter>
    </ClCompile>
    <ClCompile Include="MyEditRect.cpp">
      <Filter>Source Files</Filter>
    </ClCompile>
    <ClCompile Include="MyGrid.cpp">
      <Filter>Source Files</Filter>
    </ClCompile>
    <ClCompile Include="MyImage.cpp">
      <Filter>Source Files</Filter>
    </ClCompile>
    <ClCompile Include="MyList.cpp">
      <Filter>Source Files</Filter>
    </ClCompile>
    <ClCompile Include="MyPackButton.cpp">
      <Filter>Source Files</Filter>
    </ClCompile>
    <ClCompile Include="MyProgress.cpp">
      <Filter>Source Files</Filter>
    </ClCompile>
    <ClCompile Include="MyScrollButton.cpp">
      <Filter>Source Files</Filter>
    </ClCompile>
    <ClCompile Include="MyShell.cpp">
      <Filter>Source Files</Filter>
    </ClCompile>
    <ClCompile Include="MyShellDlg.cpp">
      <Filter>Source Files</Filter>
    </ClCompile>
    <ClCompile Include="MySlider.cpp">
      <Filter>Source Files</Filter>
    </ClCompile>
    <ClCompile Include="MyStatic.cpp">
      <Filter>Source Files</Filter>
    </ClCompile>
    <ClCompile Include="ServerStatus.cpp">
      <Filter>Source Files</Filter>
    </ClCompile>
    <ClCompile Include="StdAfx.cpp">
      <Filter>Source Files</Filter>
    </ClCompile>
    <ClCompile Include="TestStatic.cpp">
      <Filter>Source Files</Filter>
    </ClCompile>
    <ClCompile Include="webbrowser.cpp">
      <Filter>Source Files</Filter>
    </ClCompile>
  </ItemGroup>
  <ItemGroup>
    <ClInclude Include="DlgNorMsg.h">
      <Filter>Source Files</Filter>
    </ClInclude>
    <ClInclude Include="BkWnd.h">
      <Filter>Header Files</Filter>
    </ClInclude>
    <ClInclude Include="DlgAct.h">
      <Filter>Header Files</Filter>
    </ClInclude>
    <ClInclude Include="DlgAddAuction.h">
      <Filter>Header Files</Filter>
    </ClInclude>
    <ClInclude Include="DlgAucPackage.h">
      <Filter>Header Files</Filter>
    </ClInclude>
    <ClInclude Include="DlgBidAuction.h">
      <Filter>Header Files</Filter>
    </ClInclude>
    <ClInclude Include="DlgBigmap.h">
      <Filter>Header Files</Filter>
    </ClInclude>
    <ClInclude Include="DlgBlack.h">
      <Filter>Header Files</Filter>
    </ClInclude>
    <ClInclude Include="DlgChat.h">
      <Filter>Header Files</Filter>
    </ClInclude>
    <ClInclude Include="DlgConfirm.h">
      <Filter>Header Files</Filter>
    </ClInclude>
    <ClInclude Include="DlgDepot.h">
      <Filter>Header Files</Filter>
    </ClInclude>
    <ClInclude Include="DlgDice.h">
      <Filter>Header Files</Filter>
    </ClInclude>
    <ClInclude Include="DlgDiceList.h">
      <Filter>Header Files</Filter>
    </ClInclude>
    <ClInclude Include="DlgEffigy.h">
      <Filter>Header Files</Filter>
    </ClInclude>
    <ClInclude Include="DlgEmbed.h">
      <Filter>Header Files</Filter>
    </ClInclude>
    <ClInclude Include="DlgEmblemBuy.h">
      <Filter>Header Files</Filter>
    </ClInclude>
    <ClInclude Include="DlgEmotion.h">
      <Filter>Header Files</Filter>
    </ClInclude>
    <ClInclude Include="DlgEnemy.h">
      <Filter>Header Files</Filter>
    </ClInclude>
    <ClInclude Include="DlgEnmState.h">
      <Filter>Header Files</Filter>
    </ClInclude>
    <ClInclude Include="DlgEquip.h">
      <Filter>Header Files</Filter>
    </ClInclude>
    <ClInclude Include="DlgFacState.h">
      <Filter>Header Files</Filter>
    </ClInclude>
    <ClInclude Include="DlgFrdState.h">
      <Filter>Header Files</Filter>
    </ClInclude>
    <ClInclude Include="DlgFriend.h">
      <Filter>Header Files</Filter>
    </ClInclude>
    <ClInclude Include="DlgGroup.h">
      <Filter>Header Files</Filter>
    </ClInclude>
    <ClInclude Include="DlgHawk.h">
      <Filter>Header Files</Filter>
    </ClInclude>
    <ClInclude Include="DlgHead.h">
      <Filter>Header Files</Filter>
    </ClInclude>
    <ClInclude Include="DlgHelp.h">
      <Filter>Header Files</Filter>
    </ClInclude>
    <ClInclude Include="DlgIdentify.h">
      <Filter>Header Files</Filter>
    </ClInclude>
    <ClInclude Include="DlgImprove.h">
      <Filter>Header Files</Filter>
    </ClInclude>
    <ClInclude Include="DlgInsHelp.h">
      <Filter>Header Files</Filter>
    </ClInclude>
    <ClInclude Include="DlgKnightage.h">
      <Filter>Header Files</Filter>
    </ClInclude>
    <ClInclude Include="DlgKnightageBase.h">
      <Filter>Header Files</Filter>
    </ClInclude>
    <ClInclude Include="DlgKnightageBillBoard.h">
      <Filter>Header Files</Filter>
    </ClInclude>
    <ClInclude Include="DlgKnightageEnemy.h">
      <Filter>Header Files</Filter>
    </ClInclude>
    <ClInclude Include="DlgKnightageMemList.h">
      <Filter>Header Files</Filter>
    </ClInclude>
    <ClInclude Include="DlgKnightageState.h">
      <Filter>Header Files</Filter>
    </ClInclude>
    <ClInclude Include="DlgKongfu.h">
      <Filter>Header Files</Filter>
    </ClInclude>
    <ClInclude Include="DlgLay.h">
      <Filter>Header Files</Filter>
    </ClInclude>
    <ClInclude Include="DlgLevWord.h">
      <Filter>Header Files</Filter>
    </ClInclude>
    <ClInclude Include="DlgListBox.h">
      <Filter>Header Files</Filter>
    </ClInclude>
    <ClInclude Include="DlgLog.h">
      <Filter>Header Files</Filter>
    </ClInclude>
    <ClInclude Include="DlgLogin.h">
      <Filter>Header Files</Filter>
    </ClInclude>
    <ClInclude Include="DlgLogo.h">
      <Filter>Header Files</Filter>
    </ClInclude>
    <ClInclude Include="DlgMagic.h">
      <Filter>Header Files</Filter>
    </ClInclude>
    <ClInclude Include="DlgMain.h">
      <Filter>Header Files</Filter>
    </ClInclude>
    <ClInclude Include="DlgMipmap.h">
      <Filter>Header Files</Filter>
    </ClInclude>
    <ClInclude Include="DlgMonster.h">
      <Filter>Header Files</Filter>
    </ClInclude>
    <ClInclude Include="DlgMonsterDepot.h">
      <Filter>Header Files</Filter>
    </ClInclude>
    <ClInclude Include="DlgMonsterEvolve.h">
      <Filter>Header Files</Filter>
    </ClInclude>
    <ClInclude Include="DlgMonsterHatch.h">
      <Filter>Header Files</Filter>
    </ClInclude>
    <ClInclude Include="DlgMonsterHeads.h">
      <Filter>Header Files</Filter>
    </ClInclude>
    <ClInclude Include="DlgMonsterImprove.h">
      <Filter>Header Files</Filter>
    </ClInclude>
    <ClInclude Include="DlgMonsterNpc.h">
      <Filter>Header Files</Filter>
    </ClInclude>
    <ClInclude Include="DlgMonsterSkill.h">
      <Filter>Header Files</Filter>
    </ClInclude>
    <ClInclude Include="DlgMpcBooth.h">
      <Filter>Header Files</Filter>
    </ClInclude>
    <ClInclude Include="DlgMpcGoods.h">
      <Filter>Header Files</Filter>
    </ClInclude>
    <ClInclude Include="DlgMsg.h">
      <Filter>Header Files</Filter>
    </ClInclude>
    <ClInclude Include="DlgMsgReceive.h">
      <Filter>Header Files</Filter>
    </ClInclude>
    <ClInclude Include="DlgMsgSend.h">
      <Filter>Header Files</Filter>
    </ClInclude>
    <ClInclude Include="DlgNpcBooth.h">
      <Filter>Header Files</Filter>
    </ClInclude>
    <ClInclude Include="DlgNpcBuy.h">
      <Filter>Header Files</Filter>
    </ClInclude>
    <ClInclude Include="DlgNpcEquip.h">
      <Filter>Header Files</Filter>
    </ClInclude>
    <ClInclude Include="DlgNpcFace.h">
      <Filter>Header Files</Filter>
    </ClInclude>
    <ClInclude Include="DlgOther.h">
      <Filter>Header Files</Filter>
    </ClInclude>
    <ClInclude Include="DlgPk.h">
      <Filter>Header Files</Filter>
    </ClInclude>
    <ClInclude Include="DlgPlayerTaskGet.h">
      <Filter>Header Files</Filter>
    </ClInclude>
    <ClInclude Include="DlgPlayerTaskList.h">
      <Filter>Header Files</Filter>
    </ClInclude>
    <ClInclude Include="DlgPlayerTaskView.h">
      <Filter>Header Files</Filter>
    </ClInclude>
    <ClInclude Include="DlgProgress.h">
      <Filter>Header Files</Filter>
    </ClInclude>
    <ClInclude Include="DlgProIntro.h">
      <Filter>Header Files</Filter>
    </ClInclude>
    <ClInclude Include="DlgQGood.h">
      <Filter>Header Files</Filter>
    </ClInclude>
    <ClInclude Include="DlgQuery.h">
      <Filter>Header Files</Filter>
    </ClInclude>
    <ClInclude Include="DlgQuery_Role.h">
      <Filter>Header Files</Filter>
    </ClInclude>
    <ClInclude Include="DlgRoleChoose.h">
      <Filter>Header Files</Filter>
    </ClInclude>
    <ClInclude Include="DlgRoleCreate.h">
      <Filter>Header Files</Filter>
    </ClInclude>
    <ClInclude Include="DlgSchoolList.h">
      <Filter>Header Files</Filter>
    </ClInclude>
    <ClInclude Include="DlgServerSel.h">
      <Filter>Header Files</Filter>
    </ClInclude>
    <ClInclude Include="DlgSetup.h">
      <Filter>Header Files</Filter>
    </ClInclude>
    <ClInclude Include="DlgSetup_Chat.h">
      <Filter>Header Files</Filter>
    </ClInclude>
    <ClInclude Include="DlgSetup_Graph.h">
      <Filter>Header Files</Filter>
    </ClInclude>
    <ClInclude Include="DlgSetup_Hotkey.h">
      <Filter>Header Files</Filter>
    </ClInclude>
    <ClInclude Include="DlgSetup_Music.h">
      <Filter>Header Files</Filter>
    </ClInclude>
    <ClInclude Include="DlgSkill.h">
      <Filter>Header Files</Filter>
    </ClInclude>
    <ClInclude Include="DlgSkill_HotKey.h">
      <Filter>Header Files</Filter>
    </ClInclude>
    <ClInclude Include="DlgStoneGoods.h">
      <Filter>Header Files</Filter>
    </ClInclude>
    <ClInclude Include="DlgTalk.h">
      <Filter>Header Files</Filter>
    </ClInclude>
    <ClInclude Include="DlgTalkAct.h">
      <Filter>Header Files</Filter>
    </ClInclude>
    <ClInclude Include="DlgTalkTarget.h">
      <Filter>Header Files</Filter>
    </ClInclude>
    <ClInclude Include="DlgTask.h">
      <Filter>Header Files</Filter>
    </ClInclude>
    <ClInclude Include="DlgTaskItem.h">
      <Filter>Header Files</Filter>
    </ClInclude>
    <ClInclude Include="DlgTaskKiller.h">
      <Filter>Header Files</Filter>
    </ClInclude>
    <ClInclude Include="DlgTaskMonster.h">
      <Filter>Header Files</Filter>
    </ClInclude>
    <ClInclude Include="DlgTaskUpItem.h">
      <Filter>Header Files</Filter>
    </ClInclude>
    <ClInclude Include="DlgTboardDetial.h">
      <Filter>Header Files</Filter>
    </ClInclude>
    <ClInclude Include="DlgTboardList.h">
      <Filter>Header Files</Filter>
    </ClInclude>
    <ClInclude Include="DlgTeacherBoard.h">
      <Filter>Header Files</Filter>
    </ClInclude>
    <ClInclude Include="DlgTitleBar.h">
      <Filter>Header Files</Filter>
    </ClInclude>
    <ClInclude Include="DlgTrade.h">
      <Filter>Header Files</Filter>
    </ClInclude>
    <ClInclude Include="DlgTxtAction.h">
      <Filter>Header Files</Filter>
    </ClInclude>
    <ClInclude Include="DlgXp.h">
      <Filter>Header Files</Filter>
    </ClInclude>
    <ClInclude Include="MenuGroup.h">
      <Filter>Header Files</Filter>
    </ClInclude>
    <ClInclude Include="MenuPetAtk.h">
      <Filter>Header Files</Filter>
    </ClInclude>
    <ClInclude Include="MenuTalk.h">
      <Filter>Header Files</Filter>
    </ClInclude>
    <ClInclude Include="MyButton.h">
      <Filter>Header Files</Filter>
    </ClInclude>
    <ClInclude Include="MyCheck.h">
      <Filter>Header Files</Filter>
    </ClInclude>
    <ClInclude Include="MyCombo.h">
      <Filter>Header Files</Filter>
    </ClInclude>
    <ClInclude Include="MyEdit.h">
      <Filter>Header Files</Filter>
    </ClInclude>
    <ClInclude Include="MyEditRect.h">
      <Filter>Header Files</Filter>
    </ClInclude>
    <ClInclude Include="MyGrid.h">
      <Filter>Header Files</Filter>
    </ClInclude>
    <ClInclude Include="MyImage.h">
      <Filter>Header Files</Filter>
    </ClInclude>
    <ClInclude Include="MyList.h">
      <Filter>Header Files</Filter>
    </ClInclude>
    <ClInclude Include="MyPackButton.h">
      <Filter>Header Files</Filter>
    </ClInclude>
    <ClInclude Include="MyProgress.h">
      <Filter>Header Files</Filter>
    </ClInclude>
    <ClInclude Include="MyScrollButton.h">
      <Filter>Header Files</Filter>
    </ClInclude>
    <ClInclude Include="MyShell.h">
      <Filter>Header Files</Filter>
    </ClInclude>
    <ClInclude Include="MyShellDlg.h">
      <Filter>Header Files</Filter>
    </ClInclude>
    <ClInclude Include="MySlider.h">
      <Filter>Header Files</Filter>
    </ClInclude>
    <ClInclude Include="MyStatic.h">
      <Filter>Header Files</Filter>
    </ClInclude>
    <ClInclude Include="Resource.h">
      <Filter>Header Files</Filter>
    </ClInclude>
    <ClInclude Include="ServerStatus.h">
      <Filter>Header Files</Filter>
    </ClInclude>
    <ClInclude Include="StdAfx.h">
      <Filter>Header Files</Filter>
    </ClInclude>
    <ClInclude Include="TestStatic.h">
      <Filter>Header Files</Filter>
    </ClInclude>
    <ClInclude Include="webbrowser.h">
      <Filter>Header Files</Filter>
    </ClInclude>
  </ItemGroup>
  <ItemGroup>
    <ResourceCompile Include="MyShell.rc">
      <Filter>Source Files</Filter>
    </ResourceCompile>
  </ItemGroup>
  <ItemGroup>
    <None Include="RES\Chip100.cur">
      <Filter>Resource Files</Filter>
    </None>
    <None Include="RES\Chip1000.cur">
      <Filter>Resource Files</Filter>
    </None>
    <None Include="RES\Chip10000.cur">
      <Filter>Resource Files</Filter>
    </None>
    <None Include="res\cursor1.cur">
      <Filter>Resource Files</Filter>
    </None>
    <None Include="RES\DelNpc.cur">
      <Filter>Resource Files</Filter>
    </None>
    <None Include="res\DialogSetup.BMP">
      <Filter>Resource Files</Filter>
    </None>
    <None Include="RES\FacIn.cur">
      <Filter>Resource Files</Filter>
    </None>
    <None Include="RES\FacOut.cur">
      <Filter>Resource Files</Filter>
    </None>
    <None Include="RES\FrdAdd.cur">
      <Filter>Resource Files</Filter>
    </None>
    <None Include="res\H_NS.CUR">
      <Filter>Resource Files</Filter>
    </None>
    <None Include="res\H_POINT.CUR">
      <Filter>Resource Files</Filter>
    </None>
    <None Include="RES\hand.cur">
      <Filter>Resource Files</Filter>
    </None>
    <None Include="RES\Marry.cur">
      <Filter>Resource Files</Filter>
    </None>
    <None Include="RES\MyShell.ico">
      <Filter>Resource Files</Filter>
    </None>
    <None Include="res\MyShell.rc2">
      <Filter>Resource Files</Filter>
    </None>
    <None Include="RES\NpcEquip.cur">
      <Filter>Resource Files</Filter>
    </None>
    <None Include="res\SetupBk.bmp">
      <Filter>Resource Files</Filter>
    </None>
    <None Include="res\sword.cur">
      <Filter>Resource Files</Filter>
    </None>
    <None Include="RES\swordDown.cur">
      <Filter>Resource Files</Filter>
    </None>
    <None Include="res\TalkBk.bmp">
      <Filter>Resource Files</Filter>
    </None>
    <None Include="RES\TeamInvite.cur">
      <Filter>Resource Files</Filter>
    </None>
    <None Include="RES\TeamJoin.cur">
      <Filter>Resource Files</Filter>
    </None>
    <None Include="RES\Trade.cur">
      <Filter>Resource Files</Filter>
    </None>
    <None Include="ReadMe.txt" />
    <None Include="StrRes.ini" />
  </ItemGroup>
</Project>