<?xml version="1.0" encoding="utf-8"?>
<Project ToolsVersion="4.0" xmlns="http://schemas.microsoft.com/developer/msbuild/2003">
  <ItemGroup>
    <Filter Include="Source Files">
      <UniqueIdentifier>{40a90049-9dd1-405c-b817-8ee143c95461}</UniqueIdentifier>
      <Extensions>cpp;c;cxx;rc;def;r;odl;idl;hpj;bat</Extensions>
    </Filter>
    <Filter Include="Header Files">
      <UniqueIdentifier>{9c069ec8-ae4c-44f8-867c-cf2155d6b575}</UniqueIdentifier>
      <Extensions>h;hpp;hxx;hm;inl</Extensions>
    </Filter>
    <Filter Include="Resource Files">
      <UniqueIdentifier>{6da5b74e-7d23-4100-a22d-9637716d81fb}</UniqueIdentifier>
      <Extensions>ico;cur;bmp;dlg;rc2;rct;bin;rgs;gif;jpg;jpeg;jpe</Extensions>
    </Filter>
    <Filter Include="share">
      <UniqueIdentifier>{6a75949b-e763-4c37-ab2d-77db0aa36b92}</UniqueIdentifier>
    </Filter>
  </ItemGroup>
  <ItemGroup>
    <ClCompile Include="MapGroupThread.cpp">
      <Filter>Source Files</Filter>
    </ClCompile>
    <ClCompile Include="MsgServer.cpp">
      <Filter>Source Files</Filter>
    </ClCompile>
    <ClCompile Include="MsgServerDlg.cpp">
      <Filter>Source Files</Filter>
    </ClCompile>
    <ClCompile Include="SocketThread.cpp">
      <Filter>Source Files</Filter>
    </ClCompile>
    <ClCompile Include="StdAfx.cpp">
      <Filter>Source Files</Filter>
    </ClCompile>
    <ClCompile Include="WorldThread.cpp">
      <Filter>Source Files</Filter>
    </ClCompile>
  </ItemGroup>
  <ItemGroup>
    <ResourceCompile Include="MsgServer.rc">
      <Filter>Source Files</Filter>
    </ResourceCompile>
  </ItemGroup>
  <ItemGroup>
    <ClInclude Include="MapGroupThread.h">
      <Filter>Header Files</Filter>
    </ClInclude>
    <ClInclude Include="MsgServer.h">
      <Filter>Header Files</Filter>
    </ClInclude>
    <ClInclude Include="MsgServerDlg.h">
      <Filter>Header Files</Filter>
    </ClInclude>
    <ClInclude Include="P_ServerManager.h">
      <Filter>Header Files</Filter>
    </ClInclude>
    <ClInclude Include="Resource.h">
      <Filter>Header Files</Filter>
    </ClInclude>
    <ClInclude Include="SocketThread.h">
      <Filter>Header Files</Filter>
    </ClInclude>
    <ClInclude Include="StdAfx.h">
      <Filter>Header Files</Filter>
    </ClInclude>
    <ClInclude Include="WorldThread.h">
      <Filter>Header Files</Filter>
    </ClInclude>
    <ClInclude Include="share\Cn_DDRes.h">
      <Filter>share</Filter>
    </ClInclude>
    <ClInclude Include="share\define.h">
      <Filter>share</Filter>
    </ClInclude>
    <ClInclude Include="share\En_DDRes.h">
      <Filter>share</Filter>
    </ClInclude>
    <ClInclude Include="share\I_Shell.h">
      <Filter>share</Filter>
    </ClInclude>
    <ClInclude Include="share\protocol.h">
      <Filter>share</Filter>
    </ClInclude>
    <ClInclude Include="typedef.h">
      <Filter>Header Files</Filter>
    </ClInclude>
  </ItemGroup>
  <ItemGroup>
    <CustomBuild Include="res\MsgServer.ico">
      <Filter>Resource Files</Filter>
    </CustomBuild>
    <CustomBuild Include="res\MsgServer.rc2">
      <Filter>Resource Files</Filter>
    </CustomBuild>
    <CustomBuild Include="cq_tables.sql" />
    <CustomBuild Include="cq_taskall.sql" />
    <CustomBuild Include="cq_user.sql" />
    <CustomBuild Include="ReadMe.txt" />
    <CustomBuild Include="shell.ini" />
  </ItemGroup>
</Project>